
Microsoft Visual Studio Solution File, Format Version 12.00
# Visual Studio Version 16
VisualStudioVersion = 16.0.29519.161
MinimumVisualStudioVersion = 15.0.26124.0
Project("{2150E333-8FDC-42A3-9474-1A3956D46DE8}") = "samples", "samples", "{558B72E5-C75C-48B6-B20C-B9B6FBFCF68B}"
EndProject
Project("{2150E333-8FDC-42A3-9474-1A3956D46DE8}") = "src", "src", "{0AFD331F-AB7B-4488-BB68-904D54C1A9F4}"
EndProject
Project("{9A19103F-16F7-4668-BE54-9A1E7A4F7556}") = "WebAssemblySample", "samples\WebAssemblySample\WebAssemblySample.csproj", "{35217FFB-F603-45BA-9D7A-46DFB13E6D6F}"
EndProject
Project("{9A19103F-16F7-4668-BE54-9A1E7A4F7556}") = "BlazorChartist", "src\BlazorChartist\BlazorChartist.csproj", "{4EE6FF46-8EE0-4DA5-8BBE-D748B3967CCD}"
EndProject
Project("{9A19103F-16F7-4668-BE54-9A1E7A4F7556}") = "ServerSample", "samples\ServerSample\ServerSample.csproj", "{77B4C562-EC6E-4EE4-9316-2E2DD919671E}"
EndProject
Project("{2150E333-8FDC-42A3-9474-1A3956D46DE8}") = "build", "build", "{CED40FF4-8AC5-4504-BDE1-6EB6CF1F5744}"
	ProjectSection(SolutionItems) = preProject
		azure-pipelines.yml = azure-pipelines.yml
	EndProjectSection
EndProject
Global
	GlobalSection(SolutionConfigurationPlatforms) = preSolution
		Debug|Any CPU = Debug|Any CPU
		Release|Any CPU = Release|Any CPU
	EndGlobalSection
	GlobalSection(ProjectConfigurationPlatforms) = postSolution
		{35217FFB-F603-45BA-9D7A-46DFB13E6D6F}.Debug|Any CPU.ActiveCfg = Debug|Any CPU
		{35217FFB-F603-45BA-9D7A-46DFB13E6D6F}.Debug|Any CPU.Build.0 = Debug|Any CPU
		{35217FFB-F603-45BA-9D7A-46DFB13E6D6F}.Release|Any CPU.ActiveCfg = Release|Any CPU
		{35217FFB-F603-45BA-9D7A-46DFB13E6D6F}.Release|Any CPU.Build.0 = Release|Any CPU
		{4EE6FF46-8EE0-4DA5-8BBE-D748B3967CCD}.Debug|Any CPU.ActiveCfg = Debug|Any CPU
		{4EE6FF46-8EE0-4DA5-8BBE-D748B3967CCD}.Debug|Any CPU.Build.0 = Debug|Any CPU
		{4EE6FF46-8EE0-4DA5-8BBE-D748B3967CCD}.Release|Any CPU.ActiveCfg = Release|Any CPU
		{4EE6FF46-8EE0-4DA5-8BBE-D748B3967CCD}.Release|Any CPU.Build.0 = Release|Any CPU
		{77B4C562-EC6E-4EE4-9316-2E2DD919671E}.Debug|Any CPU.ActiveCfg = Debug|Any CPU
		{77B4C562-EC6E-4EE4-9316-2E2DD919671E}.Debug|Any CPU.Build.0 = Debug|Any CPU
		{77B4C562-EC6E-4EE4-9316-2E2DD919671E}.Release|Any CPU.ActiveCfg = Release|Any CPU
		{77B4C562-EC6E-4EE4-9316-2E2DD919671E}.Release|Any CPU.Build.0 = Release|Any CPU
	EndGlobalSection
	GlobalSection(SolutionProperties) = preSolution
		HideSolutionNode = FALSE
	EndGlobalSection
	GlobalSection(NestedProjects) = preSolution
		{35217FFB-F603-45BA-9D7A-46DFB13E6D6F} = {558B72E5-C75C-48B6-B20C-B9B6FBFCF68B}
		{4EE6FF46-8EE0-4DA5-8BBE-D748B3967CCD} = {0AFD331F-AB7B-4488-BB68-904D54C1A9F4}
		{77B4C562-EC6E-4EE4-9316-2E2DD919671E} = {558B72E5-C75C-48B6-B20C-B9B6FBFCF68B}
	EndGlobalSection
	GlobalSection(ExtensibilityGlobals) = postSolution
		SolutionGuid = {32C68C8B-3BF9-4B8C-AFC6-EFCD6E764DAA}
	EndGlobalSection
EndGlobal
