
Microsoft Visual Studio Solution File, Format Version 12.00
# Visual Studio Version 16
VisualStudioVersion = 16.0.29519.161
MinimumVisualStudioVersion = 15.0.26124.0
Project("{2150E333-8FDC-42A3-9474-1A3956D46DE8}") = "src", "src", "{0AFD331F-AB7B-4488-BB68-904D54C1A9F4}"
EndProject
Project("{2150E333-8FDC-42A3-9474-1A3956D46DE8}") = "snippets", "snippets", "{A423D787-875F-4F20-B53C-A7F53F96448A}"
	ProjectSection(SolutionItems) = preProject
		..\Snippets.demosnippets = ..\Snippets.demosnippets
	EndProjectSection
EndProject
Global
	GlobalSection(SolutionProperties) = preSolution
		HideSolutionNode = FALSE
	EndGlobalSection
	GlobalSection(ExtensibilityGlobals) = postSolution
		SolutionGuid = {32C68C8B-3BF9-4B8C-AFC6-EFCD6E764DAA}
	EndGlobalSection
EndGlobal
